schema: '2.0'

stages:
  data_ingestion:
    cmd: python src/data/data_ingestion.py
    deps:
    - path: params.yaml
      hash: md5
      md5: 7a58e04a6edbb52d79eaffdc13ec0d34
      size: 956
    - path: src/data/data_ingestion.py
      hash: md5
      md5: 43ac865ce4d74c8b3228134fb8419194
      size: 2448
    outs:
    - path: data/raw/twitter_training.csv
      hash: md5
      md5: 853bd20f40d21eb4bbb507fcabcffcd0
      size: 9325165
  data_validation:
    cmd: python src/data/data_validation.py
    deps:
    - path: data/raw/twitter_training.csv
      hash: md5
      md5: 853bd20f40d21eb4bbb507fcabcffcd0
      size: 9325165
    - path: params.yaml
      hash: md5
      md5: 7a58e04a6edbb52d79eaffdc13ec0d34
      size: 956
    - path: src/data/data_validation.py
      hash: md5
      md5: aa0baecdf423e9809eb29d6938bd20bf
      size: 3693
    outs:
    - path: reports/validation_report.json
      hash: md5
      md5: 46815d3fa0227c3b8635ba99f522fddd
      size: 536
  data_cleaning:
    cmd: python src/data/data_cleaning.py
    deps:
    - path: data/raw/twitter_training.csv
      hash: md5
      md5: 853bd20f40d21eb4bbb507fcabcffcd0
      size: 9325165
    - path: src/data/data_cleaning.py
      hash: md5
      md5: 264de5ac1f41f55f417d2ca9953695df
      size: 4032
    outs:
    - path: data/interim/cleaned_data.csv
      hash: md5
      md5: 3a41f5c3e6a7ccb6c000d251b63f9245
      size: 5034476
  data_preprocessing:
    cmd: python src/data/data_preprocessing.py
    deps:
    - path: data/interim/cleaned_data.csv
      hash: md5
      md5: 3a41f5c3e6a7ccb6c000d251b63f9245
      size: 5034476
    - path: params.yaml
      hash: md5
      md5: 7a58e04a6edbb52d79eaffdc13ec0d34
      size: 956
    - path: src/data/data_preprocessing.py
      hash: md5
      md5: 36a75174017aab99d929db9d481d615a
      size: 3274
    outs:
    - path: data/processed
      hash: md5
      md5: 1dc1931777aa2b81e2132b14351aa8b7.dir
      size: 1429637
      nfiles: 4
    - path: models/artifacts
      hash: md5
      md5: 1a947eb694c5443814028c6f59d5d0b3.dir
      size: 238872
      nfiles: 2
  model_training:
    cmd: python src/model/model_training.py
    deps:
    - path: data/processed
      hash: md5
      md5: 1dc1931777aa2b81e2132b14351aa8b7.dir
      size: 1429637
      nfiles: 4
    - path: models/artifacts
      hash: md5
      md5: 1a947eb694c5443814028c6f59d5d0b3.dir
      size: 238872
      nfiles: 2
    - path: params.yaml
      hash: md5
      md5: 7a58e04a6edbb52d79eaffdc13ec0d34
      size: 956
    - path: src/model/model_training.py
      hash: md5
      md5: 7be05badf68290a288fedb56b97bcef2
      size: 5978
    outs:
    - path: models/lgbm_model.pkl
      hash: md5
      md5: ca184d53de565e23467b4e086205b752
      size: 7737220
    - path: reports/experiment.json
      hash: md5
      md5: a7e46892783fb547c01802e18b86fa40
      size: 345
  model_evaluation:
    cmd: python src/model/model_evaluation.py
    deps:
    - path: data/processed
      hash: md5
      md5: 1dc1931777aa2b81e2132b14351aa8b7.dir
      size: 1429637
      nfiles: 4
    - path: models/artifacts
      hash: md5
      md5: 1a947eb694c5443814028c6f59d5d0b3.dir
      size: 238872
      nfiles: 2
    - path: models/lgbm_model.pkl
      hash: md5
      md5: ca184d53de565e23467b4e086205b752
      size: 7737220
    - path: params.yaml
      hash: md5
      md5: 7a58e04a6edbb52d79eaffdc13ec0d34
      size: 956
    - path: reports/experiment.json
      hash: md5
      md5: c26cef370be9d4dca1449ead8fa74880
      size: 406
    - path: src/model/model_evaluation.py
      hash: md5
      md5: 0aecfcc12577d3a6911e0337f3de2497
      size: 5690
    outs:
    - path: reports/classification_report.json
      hash: md5
      md5: 95ad771aeeee5b7f005e328c57599399
      size: 890
    - path: reports/confusion_matrix.png
      hash: md5
      md5: e69833cc2e43dfbf5e8bf155216b7d96
      size: 29364
  model_registry:
    cmd: python src/model/model_registry.py
    deps:
    - path: reports/experiment.json
      hash: md5
      md5: c26cef370be9d4dca1449ead8fa74880
      size: 406
    - path: src/model/model_registry.py
      hash: md5
      md5: 02e5d7de976b70d66b163d4e2c3cbcf1
      size: 2413
